
Microsoft Visual Studio Solution File, Format Version 12.00
# Visual Studio Version 16
VisualStudioVersion = 16.0.33214.272
MinimumVisualStudioVersion = 10.0.40219.1
Project("{FAE04EC0-301F-11D3-BF4B-00C04F79EFBC}") = "MoviesAPI", "MoviesAPI.csproj", "{9AE59091-1828-49D7-9A32-ECDDAFDFD2B0}"
EndProject
Global
	GlobalSection(SolutionConfigurationPlatforms) = preSolution
		Debug|Any CPU = Debug|Any CPU
		Release|Any CPU = Release|Any CPU
	EndGlobalSection
	GlobalSection(ProjectConfigurationPlatforms) = postSolution
		{9AE59091-1828-49D7-9A32-ECDDAFDFD2B0}.Debug|Any CPU.ActiveCfg = Debug|Any CPU
		{9AE59091-1828-49D7-9A32-ECDDAFDFD2B0}.Debug|Any CPU.Build.0 = Debug|Any CPU
		{9AE59091-1828-49D7-9A32-ECDDAFDFD2B0}.Release|Any CPU.ActiveCfg = Release|Any CPU
		{9AE59091-1828-49D7-9A32-ECDDAFDFD2B0}.Release|Any CPU.Build.0 = Release|Any CPU
	EndGlobalSection
	GlobalSection(SolutionProperties) = preSolution
		HideSolutionNode = FALSE
	EndGlobalSection
	GlobalSection(ExtensibilityGlobals) = postSolution
		SolutionGuid = {D9296400-108F-4916-A603-EE5A17B54A0F}
	EndGlobalSection
EndGlobal
